
Microsoft Visual Studio Solution File, Format Version 12.00
# Visual Studio 15
VisualStudioVersion = 15.0.28010.2036
MinimumVisualStudioVersion = 10.0.40219.1
Project("{FAE04EC0-301F-11D3-BF4B-00C04F79EFBC}") = "NaukaIT", "NaukaIT\NaukaIT.csproj", "{784F790C-0CB6-4894-BD09-58FCDCCC4528}"
EndProject
Project("{FAE04EC0-301F-11D3-BF4B-00C04F79EFBC}") = "NaukaIT.DAL", "NaukaIT.DAL\NaukaIT.DAL.csproj", "{7D9F1AAE-025C-4945-9EB6-05EAEADB5046}"
EndProject
Project("{FAE04EC0-301F-11D3-BF4B-00C04F79EFBC}") = "NaukaIT.Tests", "NaukaIT.Tests\NaukaIT.Tests.csproj", "{50135110-C5AE-46B8-944F-7719C06BCADA}"
EndProject
Global
	GlobalSection(SolutionConfigurationPlatforms) = preSolution
		Debug|Any CPU = Debug|Any CPU
		Release|Any CPU = Release|Any CPU
	EndGlobalSection
	GlobalSection(ProjectConfigurationPlatforms) = postSolution
		{784F790C-0CB6-4894-BD09-58FCDCCC4528}.Debug|Any CPU.ActiveCfg = Debug|Any CPU
		{784F790C-0CB6-4894-BD09-58FCDCCC4528}.Debug|Any CPU.Build.0 = Debug|Any CPU
		{784F790C-0CB6-4894-BD09-58FCDCCC4528}.Release|Any CPU.ActiveCfg = Release|Any CPU
		{784F790C-0CB6-4894-BD09-58FCDCCC4528}.Release|Any CPU.Build.0 = Release|Any CPU
		{7D9F1AAE-025C-4945-9EB6-05EAEADB5046}.Debug|Any CPU.ActiveCfg = Debug|Any CPU
		{7D9F1AAE-025C-4945-9EB6-05EAEADB5046}.Debug|Any CPU.Build.0 = Debug|Any CPU
		{7D9F1AAE-025C-4945-9EB6-05EAEADB5046}.Release|Any CPU.ActiveCfg = Release|Any CPU
		{7D9F1AAE-025C-4945-9EB6-05EAEADB5046}.Release|Any CPU.Build.0 = Release|Any CPU
		{50135110-C5AE-46B8-944F-7719C06BCADA}.Debug|Any CPU.ActiveCfg = Debug|Any CPU
		{50135110-C5AE-46B8-944F-7719C06BCADA}.Debug|Any CPU.Build.0 = Debug|Any CPU
		{50135110-C5AE-46B8-944F-7719C06BCADA}.Release|Any CPU.ActiveCfg = Release|Any CPU
		{50135110-C5AE-46B8-944F-7719C06BCADA}.Release|Any CPU.Build.0 = Release|Any CPU
	EndGlobalSection
	GlobalSection(SolutionProperties) = preSolution
		HideSolutionNode = FALSE
	EndGlobalSection
	GlobalSection(ExtensibilityGlobals) = postSolution
		SolutionGuid = {6E7E28CE-31C1-481D-AC42-01858254C1E9}
	EndGlobalSection
EndGlobal
